{
  "name": "euro-plate-validator",
  "version": "1.0.0",
  "lockfileVersion": 3,
  "requires": true,
  "packages": {
    "": {
      "name": "euro-plate-validator",
      "version": "1.0.0",
      "license": "MIT",
      "bin": {
        "euro-plate-validator": "bin/cli.mjs"
      },
      "devDependencies": {
        "types": "0.1.1",
        "typescript": "^5.9.3"
      }
    },
    "node_modules/types": {
      "version": "0.1.1",
      "resolved": "https://registry.npmjs.org/types/-/types-0.1.1.tgz",
      "integrity": "sha512-JuntZtJj4MKLE9x/XBs7IjsznYhzETwr34pw3XJTKvgYtAMdeMG+o8x8U85E5Lm6eCPa1DdOdGVsHMwq4ZnZAg==",
      "dev": true,
      "license": "MIT",
      "engines": {
        "node": ">= 0.6.0"
      }
    },
    "node_modules/typescript": {
      "version": "5.9.3",
      "resolved": "https://registry.npmjs.org/typescript/-/typescript-5.9.3.tgz",
      "integrity": "sha512-jl1vZzPDinLr9eUt3J/t7V6FgNEw9QjvBPdysz9KfQDD41fQrC2Y4vKQdiaUpFT4bXlb1RHhLpp8wtm6M5TgSw==",
      "dev": true,
      "license": "Apache-2.0",
      "bin": {
        "tsc": "bin/tsc",
        "tsserver": "bin/tsserver"
      },
      "engines": {
        "node": ">=14.17"
      }
    }
  }
}
